
Microsoft Visual Studio Solution File, Format Version 12.00
# Visual Studio Version 17
VisualStudioVersion = 17.4.33213.308
MinimumVisualStudioVersion = 10.0.40219.1
Project("{9A19103F-16F7-4668-BE54-9A1E7A4F7556}") = "Lab1", "Lab1\Lab1.csproj", "{EB2392AA-7A94-4DDE-992E-CAA39B365999}"
EndProject
Project("{FAE04EC0-301F-11D3-BF4B-00C04F79EFBC}") = "Lab1_Test", "Lab1_Test\Lab1_Test.csproj", "{5048D2DA-4290-4807-97D4-921110E9EFF5}"
EndProject
Global
	GlobalSection(SolutionConfigurationPlatforms) = preSolution
		Debug|Any CPU = Debug|Any CPU
		Release|Any CPU = Release|Any CPU
	EndGlobalSection
	GlobalSection(ProjectConfigurationPlatforms) = postSolution
		{EB2392AA-7A94-4DDE-992E-CAA39B365999}.Debug|Any CPU.ActiveCfg = Debug|Any CPU
		{EB2392AA-7A94-4DDE-992E-CAA39B365999}.Debug|Any CPU.Build.0 = Debug|Any CPU
		{EB2392AA-7A94-4DDE-992E-CAA39B365999}.Release|Any CPU.ActiveCfg = Release|Any CPU
		{EB2392AA-7A94-4DDE-992E-CAA39B365999}.Release|Any CPU.Build.0 = Release|Any CPU
		{5048D2DA-4290-4807-97D4-921110E9EFF5}.Debug|Any CPU.ActiveCfg = Debug|Any CPU
		{5048D2DA-4290-4807-97D4-921110E9EFF5}.Debug|Any CPU.Build.0 = Debug|Any CPU
		{5048D2DA-4290-4807-97D4-921110E9EFF5}.Release|Any CPU.ActiveCfg = Release|Any CPU
		{5048D2DA-4290-4807-97D4-921110E9EFF5}.Release|Any CPU.Build.0 = Release|Any CPU
	EndGlobalSection
	GlobalSection(SolutionProperties) = preSolution
		HideSolutionNode = FALSE
	EndGlobalSection
	GlobalSection(ExtensibilityGlobals) = postSolution
		SolutionGuid = {89F89289-683D-4A32-8886-9198B8265F58}
	EndGlobalSection
EndGlobal
